// !$*UTF8*$!
{
	archiveVersion = 1;
	classes = {
	};
	objectVersion = 55;
	objects = {

/* Begin PBXBuildFile section */
		360CA42D272E5B550075ADF7 /* OEmbed.swift in Sources */ = {isa = PBXBuildFile; fileRef = 360CA42C272E5B550075ADF7 /* OEmbed.swift */; };
		36336B4C27310BD900756898 /* URL+videoID.swift in Sources */ = {isa = PBXBuildFile; fileRef = 36336B4B27310BD900756898 /* URL+videoID.swift */; };
		36336B4E27310C3100756898 /* EditVideo.swift in Sources */ = {isa = PBXBuildFile; fileRef = 36336B4D27310C3100756898 /* EditVideo.swift */; };
		3652F02D28F7BEAC00F1EAF9 /* NetworkStatusMonitor.swift in Sources */ = {isa = PBXBuildFile; fileRef = 3652F02C28F7BEAC00F1EAF9 /* NetworkStatusMonitor.swift */; };
		3652F02F28F7BF8F00F1EAF9 /* NetworkDisconnectedView.swift in Sources */ = {isa = PBXBuildFile; fileRef = 3652F02E28F7BF8F00F1EAF9 /* NetworkDisconnectedView.swift */; };
		367300CF2730DF9300B311A8 /* URL+Resolve.swift in Sources */ = {isa = PBXBuildFile; fileRef = 367300CE2730DF9300B311A8 /* URL+Resolve.swift */; };
		367354272736E07F00EE5EBD /* Settings.bundle in Resources */ = {isa = PBXBuildFile; fileRef = 367354262736E07F00EE5EBD /* Settings.bundle */; };
		3673542A2736E52500EE5EBD /* SimpleMainView.swift in Sources */ = {isa = PBXBuildFile; fileRef = 367354292736E52500EE5EBD /* SimpleMainView.swift */; };
		3673542C2736E54200EE5EBD /* AdvancedMainView.swift in Sources */ = {isa = PBXBuildFile; fileRef = 3673542B2736E54200EE5EBD /* AdvancedMainView.swift */; };
		367354312737312700EE5EBD /* LICENSE in Resources */ = {isa = PBXBuildFile; fileRef = 3673542F2737312700EE5EBD /* LICENSE */; };
		367354322737312700EE5EBD /* README.md in Resources */ = {isa = PBXBuildFile; fileRef = 367354302737312700EE5EBD /* README.md */; };
		3673543D27376F2800EE5EBD /* Localizable.strings in Resources */ = {isa = PBXBuildFile; fileRef = 3673543F27376F2800EE5EBD /* Localizable.strings */; };
		3673544227376F6400EE5EBD /* VideoForm.swift in Sources */ = {isa = PBXBuildFile; fileRef = 3673544127376F6400EE5EBD /* VideoForm.swift */; };
		3676583A27338D0E00EA01E6 /* VideoList.swift in Sources */ = {isa = PBXBuildFile; fileRef = 3676583927338D0E00EA01E6 /* VideoList.swift */; };
		3676583C27338EDA00EA01E6 /* ContentView.swift in Sources */ = {isa = PBXBuildFile; fileRef = 3676583B27338EDA00EA01E6 /* ContentView.swift */; };
		3676583E2734D3B900EA01E6 /* YouTubePlayerKey.swift in Sources */ = {isa = PBXBuildFile; fileRef = 3676583D2734D3B900EA01E6 /* YouTubePlayerKey.swift */; };
		3679CD3D270A9EAD00EF92D5 /* AmahTVApp.swift in Sources */ = {isa = PBXBuildFile; fileRef = 3679CD3C270A9EAD00EF92D5 /* AmahTVApp.swift */; };
		3679CD41270A9EAE00EF92D5 /* Assets.xcassets in Resources */ = {isa = PBXBuildFile; fileRef = 3679CD40270A9EAE00EF92D5 /* Assets.xcassets */; };
		3679CD44270A9EAE00EF92D5 /* Preview Assets.xcassets in Resources */ = {isa = PBXBuildFile; fileRef = 3679CD43270A9EAE00EF92D5 /* Preview Assets.xcassets */; };
		3679CD53270AA81200EF92D5 /* YouTubeView.swift in Sources */ = {isa = PBXBuildFile; fileRef = 3679CD52270AA81200EF92D5 /* YouTubeView.swift */; };
		3679CD55270AB1E500EF92D5 /* Video.swift in Sources */ = {isa = PBXBuildFile; fileRef = 3679CD54270AB1E500EF92D5 /* Video.swift */; };
		367EFCAE273A14CD00093577 /* YouTubePlayerKit in Frameworks */ = {isa = PBXBuildFile; productRef = 367EFCAD273A14CD00093577 /* YouTubePlayerKit */; };
		369119CF272F340300C7D08C /* VideoPicker.swift in Sources */ = {isa = PBXBuildFile; fileRef = 369119CE272F340300C7D08C /* VideoPicker.swift */; };
		369119D1272F363A00C7D08C /* WatchView.swift in Sources */ = {isa = PBXBuildFile; fileRef = 369119D0272F363A00C7D08C /* WatchView.swift */; };
		369119D5272F8D4700C7D08C /* TV.swift in Sources */ = {isa = PBXBuildFile; fileRef = 369119D4272F8D4700C7D08C /* TV.swift */; };
		369119D9272F9A3F00C7D08C /* YouTubePlayer+CustomStringConvertable.swift in Sources */ = {isa = PBXBuildFile; fileRef = 369119D8272F9A3F00C7D08C /* YouTubePlayer+CustomStringConvertable.swift */; };
		369119DB272F9F3D00C7D08C /* TVSettings.swift in Sources */ = {isa = PBXBuildFile; fileRef = 369119DA272F9F3D00C7D08C /* TVSettings.swift */; };
		369119DD272FA38700C7D08C /* AddVideoSheet.swift in Sources */ = {isa = PBXBuildFile; fileRef = 369119DC272FA38700C7D08C /* AddVideoSheet.swift */; };
		36A1FF6E2732371C00821C39 /* VideoMetadata.swift in Sources */ = {isa = PBXBuildFile; fileRef = 36A1FF6D2732371C00821C39 /* VideoMetadata.swift */; };
		36A1FF70273242B900821C39 /* VideoMetadataView.swift in Sources */ = {isa = PBXBuildFile; fileRef = 36A1FF6F273242B900821C39 /* VideoMetadataView.swift */; };
		36A1FF7227324A8A00821C39 /* LazyView.swift in Sources */ = {isa = PBXBuildFile; fileRef = 36A1FF7127324A8A00821C39 /* LazyView.swift */; };
		36A1FF742732533C00821C39 /* URL+promoteToHTTPS.swift in Sources */ = {isa = PBXBuildFile; fileRef = 36A1FF732732533C00821C39 /* URL+promoteToHTTPS.swift */; };
/* End PBXBuildFile section */

/* Begin PBXFileReference section */
		360CA42C272E5B550075ADF7 /* OEmbed.swift */ = {isa = PBXFileReference; lastKnownFileType = sourcecode.swift; path = OEmbed.swift; sourceTree = "<group>"; };
		36336B4B27310BD900756898 /* URL+videoID.swift */ = {isa = PBXFileReference; lastKnownFileType = sourcecode.swift; path = "URL+videoID.swift"; sourceTree = "<group>"; };
		36336B4D27310C3100756898 /* EditVideo.swift */ = {isa = PBXFileReference; lastKnownFileType = sourcecode.swift; path = EditVideo.swift; sourceTree = "<group>"; };
		3652F02C28F7BEAC00F1EAF9 /* NetworkStatusMonitor.swift */ = {isa = PBXFileReference; lastKnownFileType = sourcecode.swift; path = NetworkStatusMonitor.swift; sourceTree = "<group>"; };
		3652F02E28F7BF8F00F1EAF9 /* NetworkDisconnectedView.swift */ = {isa = PBXFileReference; lastKnownFileType = sourcecode.swift; path = NetworkDisconnectedView.swift; sourceTree = "<group>"; };
		367300CE2730DF9300B311A8 /* URL+Resolve.swift */ = {isa = PBXFileReference; lastKnownFileType = sourcecode.swift; path = "URL+Resolve.swift"; sourceTree = "<group>"; };
		367354262736E07F00EE5EBD /* Settings.bundle */ = {isa = PBXFileReference; lastKnownFileType = "wrapper.plug-in"; path = Settings.bundle; sourceTree = "<group>"; };
		367354292736E52500EE5EBD /* SimpleMainView.swift */ = {isa = PBXFileReference; lastKnownFileType = sourcecode.swift; path = SimpleMainView.swift; sourceTree = "<group>"; };
		3673542B2736E54200EE5EBD /* AdvancedMainView.swift */ = {isa = PBXFileReference; lastKnownFileType = sourcecode.swift; path = AdvancedMainView.swift; sourceTree = "<group>"; };
		3673542F2737312700EE5EBD /* LICENSE */ = {isa = PBXFileReference; fileEncoding = 4; lastKnownFileType = text; path = LICENSE; sourceTree = "<group>"; };
		367354302737312700EE5EBD /* README.md */ = {isa = PBXFileReference; fileEncoding = 4; lastKnownFileType = net.daringfireball.markdown; path = README.md; sourceTree = "<group>"; };
		3673543E27376F2800EE5EBD /* en */ = {isa = PBXFileReference; lastKnownFileType = text.plist.strings; name = en; path = en.lproj/Localizable.strings; sourceTree = "<group>"; };
		3673544027376F3A00EE5EBD /* zh-Hant */ = {isa = PBXFileReference; lastKnownFileType = text.plist.strings; name = "zh-Hant"; path = "zh-Hant.lproj/Localizable.strings"; sourceTree = "<group>"; };
		3673544127376F6400EE5EBD /* VideoForm.swift */ = {isa = PBXFileReference; lastKnownFileType = sourcecode.swift; path = VideoForm.swift; sourceTree = "<group>"; };
		3676583927338D0E00EA01E6 /* VideoList.swift */ = {isa = PBXFileReference; lastKnownFileType = sourcecode.swift; path = VideoList.swift; sourceTree = "<group>"; };
		3676583B27338EDA00EA01E6 /* ContentView.swift */ = {isa = PBXFileReference; lastKnownFileType = sourcecode.swift; path = ContentView.swift; sourceTree = "<group>"; };
		3676583D2734D3B900EA01E6 /* YouTubePlayerKey.swift */ = {isa = PBXFileReference; lastKnownFileType = sourcecode.swift; path = YouTubePlayerKey.swift; sourceTree = "<group>"; };
		3679CD39270A9EAD00EF92D5 /* AmahTV.app */ = {isa = PBXFileReference; explicitFileType = wrapper.application; includeInIndex = 0; path = AmahTV.app; sourceTree = BUILT_PRODUCTS_DIR; };
		3679CD3C270A9EAD00EF92D5 /* AmahTVApp.swift */ = {isa = PBXFileReference; lastKnownFileType = sourcecode.swift; path = AmahTVApp.swift; sourceTree = "<group>"; };
		3679CD40270A9EAE00EF92D5 /* Assets.xcassets */ = {isa = PBXFileReference; lastKnownFileType = folder.assetcatalog; path = Assets.xcassets; sourceTree = "<group>"; };
		3679CD43270A9EAE00EF92D5 /* Preview Assets.xcassets */ = {isa = PBXFileReference; lastKnownFileType = folder.assetcatalog; path = "Preview Assets.xcassets"; sourceTree = "<group>"; };
		3679CD52270AA81200EF92D5 /* YouTubeView.swift */ = {isa = PBXFileReference; lastKnownFileType = sourcecode.swift; path = YouTubeView.swift; sourceTree = "<group>"; };
		3679CD54270AB1E500EF92D5 /* Video.swift */ = {isa = PBXFileReference; lastKnownFileType = sourcecode.swift; path = Video.swift; sourceTree = "<group>"; };
		3679CD56270AC46500EF92D5 /* Info.plist */ = {isa = PBXFileReference; lastKnownFileType = text.plist.xml; path = Info.plist; sourceTree = "<group>"; };
		369119CE272F340300C7D08C /* VideoPicker.swift */ = {isa = PBXFileReference; lastKnownFileType = sourcecode.swift; path = VideoPicker.swift; sourceTree = "<group>"; };
		369119D0272F363A00C7D08C /* WatchView.swift */ = {isa = PBXFileReference; lastKnownFileType = sourcecode.swift; path = WatchView.swift; sourceTree = "<group>"; };
		369119D4272F8D4700C7D08C /* TV.swift */ = {isa = PBXFileReference; lastKnownFileType = sourcecode.swift; path = TV.swift; sourceTree = "<group>"; };
		369119D8272F9A3F00C7D08C /* YouTubePlayer+CustomStringConvertable.swift */ = {isa = PBXFileReference; lastKnownFileType = sourcecode.swift; path = "YouTubePlayer+CustomStringConvertable.swift"; sourceTree = "<group>"; };
		369119DA272F9F3D00C7D08C /* TVSettings.swift */ = {isa = PBXFileReference; lastKnownFileType = sourcecode.swift; path = TVSettings.swift; sourceTree = "<group>"; };
		369119DC272FA38700C7D08C /* AddVideoSheet.swift */ = {isa = PBXFileReference; lastKnownFileType = sourcecode.swift; path = AddVideoSheet.swift; sourceTree = "<group>"; };
		36A1FF6D2732371C00821C39 /* VideoMetadata.swift */ = {isa = PBXFileReference; lastKnownFileType = sourcecode.swift; path = VideoMetadata.swift; sourceTree = "<group>"; };
		36A1FF6F273242B900821C39 /* VideoMetadataView.swift */ = {isa = PBXFileReference; lastKnownFileType = sourcecode.swift; path = VideoMetadataView.swift; sourceTree = "<group>"; };
		36A1FF7127324A8A00821C39 /* LazyView.swift */ = {isa = PBXFileReference; lastKnownFileType = sourcecode.swift; path = LazyView.swift; sourceTree = "<group>"; };
		36A1FF732732533C00821C39 /* URL+promoteToHTTPS.swift */ = {isa = PBXFileReference; lastKnownFileType = sourcecode.swift; path = "URL+promoteToHTTPS.swift"; sourceTree = "<group>"; };
		36BF35BE28EC050C00B067C7 /* YouTubePlayerKit */ = {isa = PBXFileReference; lastKnownFileType = wrapper; name = YouTubePlayerKit; path = ../YouTubePlayerKit; sourceTree = "<group>"; };
/* End PBXFileReference section */

/* Begin PBXFrameworksBuildPhase section */
		3679CD36270A9EAD00EF92D5 /* Frameworks */ = {
			isa = PBXFrameworksBuildPhase;
			buildActionMask = 2147483647;
			files = (
				367EFCAE273A14CD00093577 /* YouTubePlayerKit in Frameworks */,
			);
			runOnlyForDeploymentPostprocessing = 0;
		};
/* End PBXFrameworksBuildPhase section */

/* Begin PBXGroup section */
		367300CD2730DF5B00B311A8 /* Util */ = {
			isa = PBXGroup;
			children = (
				367300CE2730DF9300B311A8 /* URL+Resolve.swift */,
				36336B4B27310BD900756898 /* URL+videoID.swift */,
				36A1FF732732533C00821C39 /* URL+promoteToHTTPS.swift */,
				3652F02C28F7BEAC00F1EAF9 /* NetworkStatusMonitor.swift */,
			);
			path = Util;
			sourceTree = "<group>";
		};
		367354282736E09E00EE5EBD /* Resources */ = {
			isa = PBXGroup;
			children = (
				3679CD40270A9EAE00EF92D5 /* Assets.xcassets */,
				367354262736E07F00EE5EBD /* Settings.bundle */,
				3673543F27376F2800EE5EBD /* Localizable.strings */,
			);
			path = Resources;
			sourceTree = "<group>";
		};
		3679CD30270A9EAC00EF92D5 = {
			isa = PBXGroup;
			children = (
				36BF35BE28EC050C00B067C7 /* YouTubePlayerKit */,
				3673542F2737312700EE5EBD /* LICENSE */,
				367354302737312700EE5EBD /* README.md */,
				3679CD3B270A9EAD00EF92D5 /* AmahTV */,
				3679CD3A270A9EAD00EF92D5 /* Products */,
			);
			sourceTree = "<group>";
		};
		3679CD3A270A9EAD00EF92D5 /* Products */ = {
			isa = PBXGroup;
			children = (
				3679CD39270A9EAD00EF92D5 /* AmahTV.app */,
			);
			name = Products;
			sourceTree = "<group>";
		};
		3679CD3B270A9EAD00EF92D5 /* AmahTV */ = {
			isa = PBXGroup;
			children = (
				3679CD3C270A9EAD00EF92D5 /* AmahTVApp.swift */,
				3679CD56270AC46500EF92D5 /* Info.plist */,
				369119D3272F8D1600C7D08C /* Models */,
				3679CD42270A9EAE00EF92D5 /* Preview Content */,
				367354282736E09E00EE5EBD /* Resources */,
				367300CD2730DF5B00B311A8 /* Util */,
				369119D2272F8CF500C7D08C /* Views */,
			);
			path = AmahTV;
			sourceTree = "<group>";
		};
		3679CD42270A9EAE00EF92D5 /* Preview Content */ = {
			isa = PBXGroup;
			children = (
				3679CD43270A9EAE00EF92D5 /* Preview Assets.xcassets */,
			);
			path = "Preview Content";
			sourceTree = "<group>";
		};
		369119D2272F8CF500C7D08C /* Views */ = {
			isa = PBXGroup;
			children = (
				369119DC272FA38700C7D08C /* AddVideoSheet.swift */,
				3673542B2736E54200EE5EBD /* AdvancedMainView.swift */,
				3676583B27338EDA00EA01E6 /* ContentView.swift */,
				36336B4D27310C3100756898 /* EditVideo.swift */,
				36A1FF7127324A8A00821C39 /* LazyView.swift */,
				367354292736E52500EE5EBD /* SimpleMainView.swift */,
				369119DA272F9F3D00C7D08C /* TVSettings.swift */,
				3673544127376F6400EE5EBD /* VideoForm.swift */,
				3676583927338D0E00EA01E6 /* VideoList.swift */,
				36A1FF6F273242B900821C39 /* VideoMetadataView.swift */,
				369119CE272F340300C7D08C /* VideoPicker.swift */,
				369119D0272F363A00C7D08C /* WatchView.swift */,
				369119D8272F9A3F00C7D08C /* YouTubePlayer+CustomStringConvertable.swift */,
				3676583D2734D3B900EA01E6 /* YouTubePlayerKey.swift */,
				3679CD52270AA81200EF92D5 /* YouTubeView.swift */,
				3652F02E28F7BF8F00F1EAF9 /* NetworkDisconnectedView.swift */,
			);
			path = Views;
			sourceTree = "<group>";
		};
		369119D3272F8D1600C7D08C /* Models */ = {
			isa = PBXGroup;
			children = (
				360CA42C272E5B550075ADF7 /* OEmbed.swift */,
				369119D4272F8D4700C7D08C /* TV.swift */,
				3679CD54270AB1E500EF92D5 /* Video.swift */,
				36A1FF6D2732371C00821C39 /* VideoMetadata.swift */,
			);
			path = Models;
			sourceTree = "<group>";
		};
/* End PBXGroup section */

/* Begin PBXNativeTarget section */
		3679CD38270A9EAD00EF92D5 /* AmahTV */ = {
			isa = PBXNativeTarget;
			buildConfigurationList = 3679CD4C270A9EAE00EF92D5 /* Build configuration list for PBXNativeTarget "AmahTV" */;
			buildPhases = (
				3679CD35270A9EAD00EF92D5 /* Sources */,
				3679CD36270A9EAD00EF92D5 /* Frameworks */,
				3679CD37270A9EAD00EF92D5 /* Resources */,
			);
			buildRules = (
			);
			dependencies = (
			);
			name = AmahTV;
			packageProductDependencies = (
				367EFCAD273A14CD00093577 /* YouTubePlayerKit */,
			);
			productName = AmahTV;
			productReference = 3679CD39270A9EAD00EF92D5 /* AmahTV.app */;
			productType = "com.apple.product-type.application";
		};
/* End PBXNativeTarget section */

/* Begin PBXProject section */
		3679CD31270A9EAC00EF92D5 /* Project object */ = {
			isa = PBXProject;
			attributes = {
				BuildIndependentTargetsInParallel = 1;
				LastSwiftUpdateCheck = 1300;
				LastUpgradeCheck = 1500;
				TargetAttributes = {
					3679CD38270A9EAD00EF92D5 = {
						CreatedOnToolsVersion = 13.0;
					};
				};
			};
			buildConfigurationList = 3679CD34270A9EAC00EF92D5 /* Build configuration list for PBXProject "AmahTV" */;
			compatibilityVersion = "Xcode 13.0";
			developmentRegion = en;
			hasScannedForEncodings = 0;
			knownRegions = (
				en,
				Base,
				"zh-Hant",
			);
			mainGroup = 3679CD30270A9EAC00EF92D5;
			packageReferences = (
				367EFCAC273A14CD00093577 /* XCRemoteSwiftPackageReference "YouTubePlayerKit" */,
			);
			productRefGroup = 3679CD3A270A9EAD00EF92D5 /* Products */;
			projectDirPath = "";
			projectRoot = "";
			targets = (
				3679CD38270A9EAD00EF92D5 /* AmahTV */,
			);
		};
/* End PBXProject section */

/* Begin PBXResourcesBuildPhase section */
		3679CD37270A9EAD00EF92D5 /* Resources */ = {
			isa = PBXResourcesBuildPhase;
			buildActionMask = 2147483647;
			files = (
				3679CD44270A9EAE00EF92D5 /* Preview Assets.xcassets in Resources */,
				3673543D27376F2800EE5EBD /* Localizable.strings in Resources */,
				367354272736E07F00EE5EBD /* Settings.bundle in Resources */,
				367354322737312700EE5EBD /* README.md in Resources */,
				367354312737312700EE5EBD /* LICENSE in Resources */,
				3679CD41270A9EAE00EF92D5 /* Assets.xcassets in Resources */,
			);
			runOnlyForDeploymentPostprocessing = 0;
		};
/* End PBXResourcesBuildPhase section */

/* Begin PBXSourcesBuildPhase section */
		3679CD35270A9EAD00EF92D5 /* Sources */ = {
			isa = PBXSourcesBuildPhase;
			buildActionMask = 2147483647;
			files = (
				3679CD53270AA81200EF92D5 /* YouTubeView.swift in Sources */,
				3679CD55270AB1E500EF92D5 /* Video.swift in Sources */,
				369119DB272F9F3D00C7D08C /* TVSettings.swift in Sources */,
				3673542A2736E52500EE5EBD /* SimpleMainView.swift in Sources */,
				369119DD272FA38700C7D08C /* AddVideoSheet.swift in Sources */,
				36A1FF7227324A8A00821C39 /* LazyView.swift in Sources */,
				367300CF2730DF9300B311A8 /* URL+Resolve.swift in Sources */,
				36A1FF70273242B900821C39 /* VideoMetadataView.swift in Sources */,
				369119D1272F363A00C7D08C /* WatchView.swift in Sources */,
				3676583C27338EDA00EA01E6 /* ContentView.swift in Sources */,
				369119D5272F8D4700C7D08C /* TV.swift in Sources */,
				369119D9272F9A3F00C7D08C /* YouTubePlayer+CustomStringConvertable.swift in Sources */,
				36A1FF6E2732371C00821C39 /* VideoMetadata.swift in Sources */,
				3679CD3D270A9EAD00EF92D5 /* AmahTVApp.swift in Sources */,
				36336B4C27310BD900756898 /* URL+videoID.swift in Sources */,
				3652F02D28F7BEAC00F1EAF9 /* NetworkStatusMonitor.swift in Sources */,
				3673542C2736E54200EE5EBD /* AdvancedMainView.swift in Sources */,
				3676583A27338D0E00EA01E6 /* VideoList.swift in Sources */,
				36336B4E27310C3100756898 /* EditVideo.swift in Sources */,
				3676583E2734D3B900EA01E6 /* YouTubePlayerKey.swift in Sources */,
				36A1FF742732533C00821C39 /* URL+promoteToHTTPS.swift in Sources */,
				3673544227376F6400EE5EBD /* VideoForm.swift in Sources */,
				360CA42D272E5B550075ADF7 /* OEmbed.swift in Sources */,
				369119CF272F340300C7D08C /* VideoPicker.swift in Sources */,
				3652F02F28F7BF8F00F1EAF9 /* NetworkDisconnectedView.swift in Sources */,
			);
			runOnlyForDeploymentPostprocessing = 0;
		};
/* End PBXSourcesBuildPhase section */

/* Begin PBXVariantGroup section */
		3673543F27376F2800EE5EBD /* Localizable.strings */ = {
			isa = PBXVariantGroup;
			children = (
				3673543E27376F2800EE5EBD /* en */,
				3673544027376F3A00EE5EBD /* zh-Hant */,
			);
			name = Localizable.strings;
			sourceTree = "<group>";
		};
/* End PBXVariantGroup section */

/* Begin XCBuildConfiguration section */
		3679CD4A270A9EAE00EF92D5 /* Debug */ = {
			isa = XCBuildConfiguration;
			buildSettings = {
				ALWAYS_SEARCH_USER_PATHS = NO;
				CLANG_ANALYZER_LOCALIZABILITY_EMPTY_CONTEXT = YES;
				CLANG_ANALYZER_LOCALIZABILITY_NONLOCALIZED = YES;
				CLANG_ANALYZER_NONNULL = YES;
				CLANG_ANALYZER_NUMBER_OBJECT_CONVERSION = YES_AGGRESSIVE;
				CLANG_CXX_LANGUAGE_STANDARD = "gnu++17";
				CLANG_CXX_LIBRARY = "libc++";
				CLANG_ENABLE_MODULES = YES;
				CLANG_ENABLE_OBJC_ARC = YES;
				CLANG_ENABLE_OBJC_WEAK = YES;
				CLANG_WARN_BLOCK_CAPTURE_AUTORELEASING = YES;
				CLANG_WARN_BOOL_CONVERSION = YES;
				CLANG_WARN_COMMA = YES;
				CLANG_WARN_CONSTANT_CONVERSION = YES;
				CLANG_WARN_DEPRECATED_OBJC_IMPLEMENTATIONS = YES;
				CLANG_WARN_DIRECT_OBJC_ISA_USAGE = YES_ERROR;
				CLANG_WARN_DOCUMENTATION_COMMENTS = YES;
				CLANG_WARN_EMPTY_BODY = YES;
				CLANG_WARN_ENUM_CONVERSION = YES;
				CLANG_WARN_INFINITE_RECURSION = YES;
				CLANG_WARN_INT_CONVERSION = YES;
				CLANG_WARN_NON_LITERAL_NULL_CONVERSION = YES;
				CLANG_WARN_OBJC_IMPLICIT_RETAIN_SELF = YES;
				CLANG_WARN_OBJC_LITERAL_CONVERSION = YES;
				CLANG_WARN_OBJC_ROOT_CLASS = YES_ERROR;
				CLANG_WARN_QUOTED_INCLUDE_IN_FRAMEWORK_HEADER = YES;
				CLANG_WARN_RANGE_LOOP_ANALYSIS = YES;
				CLANG_WARN_STRICT_PROTOTYPES = YES;
				CLANG_WARN_SUSPICIOUS_MOVE = YES;
				CLANG_WARN_UNGUARDED_AVAILABILITY = YES_AGGRESSIVE;
				CLANG_WARN_UNREACHABLE_CODE = YES;
				CLANG_WARN__DUPLICATE_METHOD_MATCH = YES;
				COPY_PHASE_STRIP = NO;
				DEBUG_INFORMATION_FORMAT = dwarf;
				ENABLE_STRICT_OBJC_MSGSEND = YES;
				ENABLE_TESTABILITY = YES;
				ENABLE_USER_SCRIPT_SANDBOXING = YES;
				GCC_C_LANGUAGE_STANDARD = gnu11;
				GCC_DYNAMIC_NO_PIC = NO;
				GCC_NO_COMMON_BLOCKS = YES;
				GCC_OPTIMIZATION_LEVEL = 0;
				GCC_PREPROCESSOR_DEFINITIONS = (
					"DEBUG=1",
					"$(inherited)",
				);
				GCC_WARN_64_TO_32_BIT_CONVERSION = YES;
				GCC_WARN_ABOUT_RETURN_TYPE = YES_ERROR;
				GCC_WARN_UNDECLARED_SELECTOR = YES;
				GCC_WARN_UNINITIALIZED_AUTOS = YES_AGGRESSIVE;
				GCC_WARN_UNUSED_FUNCTION = YES;
				GCC_WARN_UNUSED_VARIABLE = YES;
				IPHONEOS_DEPLOYMENT_TARGET = 17.0;
				MTL_ENABLE_DEBUG_INFO = INCLUDE_SOURCE;
				MTL_FAST_MATH = YES;
				ONLY_ACTIVE_ARCH = YES;
				SDKROOT = iphoneos;
				SWIFT_ACTIVE_COMPILATION_CONDITIONS = DEBUG;
				SWIFT_EMIT_LOC_STRINGS = YES;
				SWIFT_OPTIMIZATION_LEVEL = "-Onone";
			};
			name = Debug;
		};
		3679CD4B270A9EAE00EF92D5 /* Release */ = {
			isa = XCBuildConfiguration;
			buildSettings = {
				ALWAYS_SEARCH_USER_PATHS = NO;
				CLANG_ANALYZER_LOCALIZABILITY_EMPTY_CONTEXT = YES;
				CLANG_ANALYZER_LOCALIZABILITY_NONLOCALIZED = YES;
				CLANG_ANALYZER_NONNULL = YES;
				CLANG_ANALYZER_NUMBER_OBJECT_CONVERSION = YES_AGGRESSIVE;
				CLANG_CXX_LANGUAGE_STANDARD = "gnu++17";
				CLANG_CXX_LIBRARY = "libc++";
				CLANG_ENABLE_MODULES = YES;
				CLANG_ENABLE_OBJC_ARC = YES;
				CLANG_ENABLE_OBJC_WEAK = YES;
				CLANG_WARN_BLOCK_CAPTURE_AUTORELEASING = YES;
				CLANG_WARN_BOOL_CONVERSION = YES;
				CLANG_WARN_COMMA = YES;
				CLANG_WARN_CONSTANT_CONVERSION = YES;
				CLANG_WARN_DEPRECATED_OBJC_IMPLEMENTATIONS = YES;
				CLANG_WARN_DIRECT_OBJC_ISA_USAGE = YES_ERROR;
				CLANG_WARN_DOCUMENTATION_COMMENTS = YES;
				CLANG_WARN_EMPTY_BODY = YES;
				CLANG_WARN_ENUM_CONVERSION = YES;
				CLANG_WARN_INFINITE_RECURSION = YES;
				CLANG_WARN_INT_CONVERSION = YES;
				CLANG_WARN_NON_LITERAL_NULL_CONVERSION = YES;
				CLANG_WARN_OBJC_IMPLICIT_RETAIN_SELF = YES;
				CLANG_WARN_OBJC_LITERAL_CONVERSION = YES;
				CLANG_WARN_OBJC_ROOT_CLASS = YES_ERROR;
				CLANG_WARN_QUOTED_INCLUDE_IN_FRAMEWORK_HEADER = YES;
				CLANG_WARN_RANGE_LOOP_ANALYSIS = YES;
				CLANG_WARN_STRICT_PROTOTYPES = YES;
				CLANG_WARN_SUSPICIOUS_MOVE = YES;
				CLANG_WARN_UNGUARDED_AVAILABILITY = YES_AGGRESSIVE;
				CLANG_WARN_UNREACHABLE_CODE = YES;
				CLANG_WARN__DUPLICATE_METHOD_MATCH = YES;
				COPY_PHASE_STRIP = NO;
				DEBUG_INFORMATION_FORMAT = "dwarf-with-dsym";
				ENABLE_NS_ASSERTIONS = NO;
				ENABLE_STRICT_OBJC_MSGSEND = YES;
				ENABLE_USER_SCRIPT_SANDBOXING = YES;
				GCC_C_LANGUAGE_STANDARD = gnu11;
				GCC_NO_COMMON_BLOCKS = YES;
				GCC_WARN_64_TO_32_BIT_CONVERSION = YES;
				GCC_WARN_ABOUT_RETURN_TYPE = YES_ERROR;
				GCC_WARN_UNDECLARED_SELECTOR = YES;
				GCC_WARN_UNINITIALIZED_AUTOS = YES_AGGRESSIVE;
				GCC_WARN_UNUSED_FUNCTION = YES;
				GCC_WARN_UNUSED_VARIABLE = YES;
				IPHONEOS_DEPLOYMENT_TARGET = 17.0;
				MTL_ENABLE_DEBUG_INFO = NO;
				MTL_FAST_MATH = YES;
				SDKROOT = iphoneos;
				SWIFT_COMPILATION_MODE = wholemodule;
				SWIFT_EMIT_LOC_STRINGS = YES;
				SWIFT_OPTIMIZATION_LEVEL = "-O";
				VALIDATE_PRODUCT = YES;
			};
			name = Release;
		};
		3679CD4D270A9EAE00EF92D5 /* Debug */ = {
			isa = XCBuildConfiguration;
			buildSettings = {
				ASSETCATALOG_COMPILER_APPICON_NAME = AppIcon;
				ASSETCATALOG_COMPILER_GLOBAL_ACCENT_COLOR_NAME = AccentColor;
				CODE_SIGN_STYLE = Automatic;
				CURRENT_PROJECT_VERSION = 2;
				DEVELOPMENT_ASSET_PATHS = "\"AmahTV/Preview Content\"";
				DEVELOPMENT_TEAM = 9485HHLYPW;
				ENABLE_PREVIEWS = YES;
				GENERATE_INFOPLIST_FILE = YES;
				INFOPLIST_FILE = AmahTV/Info.plist;
				INFOPLIST_KEY_UIApplicationSupportsIndirectInputEvents = YES;
				INFOPLIST_KEY_UILaunchScreen_Generation = YES;
				INFOPLIST_KEY_UIRequiresFullScreen = YES;
				INFOPLIST_KEY_UIStatusBarHidden = YES;
				INFOPLIST_KEY_UISupportedInterfaceOrientations = "UIInterfaceOrientationLandscapeLeft UIInterfaceOrientationLandscapeRight UIInterfaceOrientationPortrait UIInterfaceOrientationPortraitUpsideDown";
				IPHONEOS_DEPLOYMENT_TARGET = 17.6;
				LD_RUNPATH_SEARCH_PATHS = (
					"$(inherited)",
					"@executable_path/Frameworks",
				);
				MARKETING_VERSION = 1.0;
				PRODUCT_BUNDLE_IDENTIFIER = com.palevichchenindustries.AmahTV;
				PRODUCT_NAME = "$(TARGET_NAME)";
				SWIFT_EMIT_LOC_STRINGS = YES;
				SWIFT_VERSION = 5.0;
				TARGETED_DEVICE_FAMILY = "1,2";
			};
			name = Debug;
		};
		3679CD4E270A9EAE00EF92D5 /* Release */ = {
			isa = XCBuildConfiguration;
			buildSettings = {
				ASSETCATALOG_COMPILER_APPICON_NAME = AppIcon;
				ASSETCATALOG_COMPILER_GLOBAL_ACCENT_COLOR_NAME = AccentColor;
				CODE_SIGN_STYLE = Automatic;
				CURRENT_PROJECT_VERSION = 2;
				DEVELOPMENT_ASSET_PATHS = "\"AmahTV/Preview Content\"";
				DEVELOPMENT_TEAM = 9485HHLYPW;
				ENABLE_PREVIEWS = YES;
				GENERATE_INFOPLIST_FILE = YES;
				INFOPLIST_FILE = AmahTV/Info.plist;
				INFOPLIST_KEY_UIApplicationSupportsIndirectInputEvents = YES;
				INFOPLIST_KEY_UILaunchScreen_Generation = YES;
				INFOPLIST_KEY_UIRequiresFullScreen = YES;
				INFOPLIST_KEY_UIStatusBarHidden = YES;
				INFOPLIST_KEY_UISupportedInterfaceOrientations = "UIInterfaceOrientationLandscapeLeft UIInterfaceOrientationLandscapeRight UIInterfaceOrientationPortrait UIInterfaceOrientationPortraitUpsideDown";
				IPHONEOS_DEPLOYMENT_TARGET = 17.6;
				LD_RUNPATH_SEARCH_PATHS = (
					"$(inherited)",
					"@executable_path/Frameworks",
				);
				MARKETING_VERSION = 1.0;
				PRODUCT_BUNDLE_IDENTIFIER = com.palevichchenindustries.AmahTV;
				PRODUCT_NAME = "$(TARGET_NAME)";
				SWIFT_EMIT_LOC_STRINGS = YES;
				SWIFT_VERSION = 5.0;
				TARGETED_DEVICE_FAMILY = "1,2";
			};
			name = Release;
		};
/* End XCBuildConfiguration section */

/* Begin XCConfigurationList section */
		3679CD34270A9EAC00EF92D5 /* Build configuration list for PBXProject "AmahTV" */ = {
			isa = XCConfigurationList;
			buildConfigurations = (
				3679CD4A270A9EAE00EF92D5 /* Debug */,
				3679CD4B270A9EAE00EF92D5 /* Release */,
			);
			defaultConfigurationIsVisible = 0;
			defaultConfigurationName = Release;
		};
		3679CD4C270A9EAE00EF92D5 /* Build configuration list for PBXNativeTarget "AmahTV" */ = {
			isa = XCConfigurationList;
			buildConfigurations = (
				3679CD4D270A9EAE00EF92D5 /* Debug */,
				3679CD4E270A9EAE00EF92D5 /* Release */,
			);
			defaultConfigurationIsVisible = 0;
			defaultConfigurationName = Release;
		};
/* End XCConfigurationList section */

/* Begin XCRemoteSwiftPackageReference section */
		367EFCAC273A14CD00093577 /* XCRemoteSwiftPackageReference "YouTubePlayerKit" */ = {
			isa = XCRemoteSwiftPackageReference;
			repositoryURL = "https://github.com/SvenTiigi/YouTubePlayerKit";
			requirement = {
				kind = upToNextMajorVersion;
				minimumVersion = 1.0.0;
			};
		};
/* End XCRemoteSwiftPackageReference section */

/* Begin XCSwiftPackageProductDependency section */
		367EFCAD273A14CD00093577 /* YouTubePlayerKit */ = {
			isa = XCSwiftPackageProductDependency;
			package = 367EFCAC273A14CD00093577 /* XCRemoteSwiftPackageReference "YouTubePlayerKit" */;
			productName = YouTubePlayerKit;
		};
/* End XCSwiftPackageProductDependency section */
	};
	rootObject = 3679CD31270A9EAC00EF92D5 /* Project object */;
}
