{
  "object": {
    "pins": [
      {
        "package": "YouTubePlayerKit",
        "repositoryURL": "https://github.com/SvenTiigi/YouTubePlayerKit",
        "state": {
          "branch": null,
          "revision": "9b2c460614f442b6d01f19a087a1abcbb4af3474",
          "version": "1.1.3"
        }
      }
    ]
  },
  "version": 1
}
