{
  "pins" : [
    {
      "identity" : "youtubeplayerkit",
      "kind" : "remoteSourceControl",
      "location" : "https://github.com/SvenTiigi/YouTubePlayerKit",
      "state" : {
        "revision" : "94b5739d32f0108f1820091e6955d544a0363fad",
        "version" : "1.5.4"
      }
    }
  ],
  "version" : 2
}
