{
  "object": {
    "pins": [
      {
        "package": "YouTubePlayer",
        "repositoryURL": "https://github.com/jackpal/Swift-YouTube-Player",
        "state": {
          "branch": null,
          "revision": "f08637bf2388502a5c239ef550ac75d7f951c7b0",
          "version": "0.7.2"
        }
      }
    ]
  },
  "version": 1
}
